
Microsoft Visual Studio Solution File, Format Version 12.00
# Visual Studio Version 17
VisualStudioVersion = 17.1.32407.343
MinimumVisualStudioVersion = 10.0.40219.1
Project("{9A19103F-16F7-4668-BE54-9A1E7A4F7556}") = "Chess_3", "Chess_3\Chess_3.csproj", "{C9596E0D-4455-492A-9E9B-1CF44F982A7F}"
EndProject
Project("{9A19103F-16F7-4668-BE54-9A1E7A4F7556}") = "ChessCore", "ChessCore\ChessCore.csproj", "{F28F1A87-2E36-4957-8D38-9EECF5D3930B}"
EndProject
Project("{FAE04EC0-301F-11D3-BF4B-00C04F79EFBC}") = "Chess_4", "Chess_4\Chess_4.csproj", "{C788574D-1B3C-457D-8235-B984A18710F0}"
	ProjectSection(ProjectDependencies) = postProject
		{F28F1A87-2E36-4957-8D38-9EECF5D3930B} = {F28F1A87-2E36-4957-8D38-9EECF5D3930B}
	EndProjectSection
EndProject
Global
	GlobalSection(SolutionConfigurationPlatforms) = preSolution
		Debug|Any CPU = Debug|Any CPU
		Release|Any CPU = Release|Any CPU
	EndGlobalSection
	GlobalSection(ProjectConfigurationPlatforms) = postSolution
		{C9596E0D-4455-492A-9E9B-1CF44F982A7F}.Debug|Any CPU.ActiveCfg = Debug|Any CPU
		{C9596E0D-4455-492A-9E9B-1CF44F982A7F}.Debug|Any CPU.Build.0 = Debug|Any CPU
		{C9596E0D-4455-492A-9E9B-1CF44F982A7F}.Release|Any CPU.ActiveCfg = Release|Any CPU
		{C9596E0D-4455-492A-9E9B-1CF44F982A7F}.Release|Any CPU.Build.0 = Release|Any CPU
		{F28F1A87-2E36-4957-8D38-9EECF5D3930B}.Debug|Any CPU.ActiveCfg = Debug|Any CPU
		{F28F1A87-2E36-4957-8D38-9EECF5D3930B}.Debug|Any CPU.Build.0 = Debug|Any CPU
		{F28F1A87-2E36-4957-8D38-9EECF5D3930B}.Release|Any CPU.ActiveCfg = Release|Any CPU
		{F28F1A87-2E36-4957-8D38-9EECF5D3930B}.Release|Any CPU.Build.0 = Release|Any CPU
		{C788574D-1B3C-457D-8235-B984A18710F0}.Debug|Any CPU.ActiveCfg = Debug|Any CPU
		{C788574D-1B3C-457D-8235-B984A18710F0}.Debug|Any CPU.Build.0 = Debug|Any CPU
		{C788574D-1B3C-457D-8235-B984A18710F0}.Release|Any CPU.ActiveCfg = Release|Any CPU
		{C788574D-1B3C-457D-8235-B984A18710F0}.Release|Any CPU.Build.0 = Release|Any CPU
	EndGlobalSection
	GlobalSection(SolutionProperties) = preSolution
		HideSolutionNode = FALSE
	EndGlobalSection
	GlobalSection(ExtensibilityGlobals) = postSolution
		SolutionGuid = {1659EF24-E88C-4C10-A9F3-A46CF662C301}
	EndGlobalSection
EndGlobal
